
Microsoft Visual Studio Solution File, Format Version 12.00
# Visual Studio Version 17
VisualStudioVersion = 17.9.34714.143
MinimumVisualStudioVersion = 10.0.40219.1
Project("{FAE04EC0-301F-11D3-BF4B-00C04F79EFBC}") = "ConsoleApp3", "ConsoleApp3\ConsoleApp3.csproj", "{BCF822E1-1B3B-447F-A277-FB28B3C5B5F6}"
EndProject
Global
	GlobalSection(SolutionConfigurationPlatforms) = preSolution
		Debug|Any CPU = Debug|Any CPU
		Release|Any CPU = Release|Any CPU
	EndGlobalSection
	GlobalSection(ProjectConfigurationPlatforms) = postSolution
		{BCF822E1-1B3B-447F-A277-FB28B3C5B5F6}.Debug|Any CPU.ActiveCfg = Debug|Any CPU
		{BCF822E1-1B3B-447F-A277-FB28B3C5B5F6}.Debug|Any CPU.Build.0 = Debug|Any CPU
		{BCF822E1-1B3B-447F-A277-FB28B3C5B5F6}.Release|Any CPU.ActiveCfg = Release|Any CPU
		{BCF822E1-1B3B-447F-A277-FB28B3C5B5F6}.Release|Any CPU.Build.0 = Release|Any CPU
	EndGlobalSection
	GlobalSection(SolutionProperties) = preSolution
		HideSolutionNode = FALSE
	EndGlobalSection
	GlobalSection(ExtensibilityGlobals) = postSolution
		SolutionGuid = {08EA24A0-F471-4C76-AE78-33D4B11E31D9}
	EndGlobalSection
EndGlobal
